
Microsoft Visual Studio Solution File, Format Version 12.00
# Visual Studio Version 17
VisualStudioVersion = 17.4.33122.133
MinimumVisualStudioVersion = 10.0.40219.1
Project("{8BC9CEB8-8B4A-11D0-8D11-00A0C91BC942}") = "Es57P125", "Es57P125.vcxproj", "{DD8EBA74-72C6-4B1E-B785-7288335206A8}"
EndProject
Global
	GlobalSection(SolutionConfigurationPlatforms) = preSolution
		Debug|x64 = Debug|x64
		Debug|x86 = Debug|x86
		Release|x64 = Release|x64
		Release|x86 = Release|x86
	EndGlobalSection
	GlobalSection(ProjectConfigurationPlatforms) = postSolution
		{DD8EBA74-72C6-4B1E-B785-7288335206A8}.Debug|x64.ActiveCfg = Debug|x64
		{DD8EBA74-72C6-4B1E-B785-7288335206A8}.Debug|x64.Build.0 = Debug|x64
		{DD8EBA74-72C6-4B1E-B785-7288335206A8}.Debug|x86.ActiveCfg = Debug|Win32
		{DD8EBA74-72C6-4B1E-B785-7288335206A8}.Debug|x86.Build.0 = Debug|Win32
		{DD8EBA74-72C6-4B1E-B785-7288335206A8}.Release|x64.ActiveCfg = Release|x64
		{DD8EBA74-72C6-4B1E-B785-7288335206A8}.Release|x64.Build.0 = Release|x64
		{DD8EBA74-72C6-4B1E-B785-7288335206A8}.Release|x86.ActiveCfg = Release|Win32
		{DD8EBA74-72C6-4B1E-B785-7288335206A8}.Release|x86.Build.0 = Release|Win32
	EndGlobalSection
	GlobalSection(SolutionProperties) = preSolution
		HideSolutionNode = FALSE
	EndGlobalSection
	GlobalSection(ExtensibilityGlobals) = postSolution
		SolutionGuid = {D4C83896-65FD-4AAD-825E-028D832F82CC}
	EndGlobalSection
EndGlobal
